// !$*UTF8*$!
{
	archiveVersion = 1;
	classes = {
	};
	objectVersion = 50;
	objects = {

/* Begin PBXBuildFile section */
		350EDB9E23279A420001F11B /* MapKit.framework in Frameworks */ = {isa = PBXBuildFile; fileRef = 350EDB9D23279A420001F11B /* MapKit.framework */; };
		3524C48B2326ACB6005CECEE /* AppDelegate.swift in Sources */ = {isa = PBXBuildFile; fileRef = 3524C48A2326ACB6005CECEE /* AppDelegate.swift */; };
		3524C48D2326ACB6005CECEE /* ViewController.swift in Sources */ = {isa = PBXBuildFile; fileRef = 3524C48C2326ACB6005CECEE /* ViewController.swift */; };
		3524C4902326ACB6005CECEE /* Main.storyboard in Resources */ = {isa = PBXBuildFile; fileRef = 3524C48E2326ACB6005CECEE /* Main.storyboard */; };
		3524C4922326ACB8005CECEE /* Assets.xcassets in Resources */ = {isa = PBXBuildFile; fileRef = 3524C4912326ACB8005CECEE /* Assets.xcassets */; };
		3524C4952326ACB8005CECEE /* LaunchScreen.storyboard in Resources */ = {isa = PBXBuildFile; fileRef = 3524C4932326ACB8005CECEE /* LaunchScreen.storyboard */; };
		35E68D4B2329264400D7E34C /* Model.xcdatamodeld in Sources */ = {isa = PBXBuildFile; fileRef = 35E68D492329264400D7E34C /* Model.xcdatamodeld */; };
		35E68D4D232926CD00D7E34C /* PersistanceService.swift in Sources */ = {isa = PBXBuildFile; fileRef = 35E68D4C232926CD00D7E34C /* PersistanceService.swift */; };
		35E68D4F232941BD00D7E34C /* LocationService.swift in Sources */ = {isa = PBXBuildFile; fileRef = 35E68D4E232941BD00D7E34C /* LocationService.swift */; };
/* End PBXBuildFile section */

/* Begin PBXFileReference section */
		350EDB9D23279A420001F11B /* MapKit.framework */ = {isa = PBXFileReference; lastKnownFileType = wrapper.framework; name = MapKit.framework; path = System/Library/Frameworks/MapKit.framework; sourceTree = SDKROOT; };
		3524C4872326ACB6005CECEE /* Locations.app */ = {isa = PBXFileReference; explicitFileType = wrapper.application; includeInIndex = 0; path = Locations.app; sourceTree = BUILT_PRODUCTS_DIR; };
		3524C48A2326ACB6005CECEE /* AppDelegate.swift */ = {isa = PBXFileReference; lastKnownFileType = sourcecode.swift; path = AppDelegate.swift; sourceTree = "<group>"; };
		3524C48C2326ACB6005CECEE /* ViewController.swift */ = {isa = PBXFileReference; lastKnownFileType = sourcecode.swift; path = ViewController.swift; sourceTree = "<group>"; };
		3524C48F2326ACB6005CECEE /* Base */ = {isa = PBXFileReference; lastKnownFileType = file.storyboard; name = Base; path = Base.lproj/Main.storyboard; sourceTree = "<group>"; };
		3524C4912326ACB8005CECEE /* Assets.xcassets */ = {isa = PBXFileReference; lastKnownFileType = folder.assetcatalog; path = Assets.xcassets; sourceTree = "<group>"; };
		3524C4942326ACB8005CECEE /* Base */ = {isa = PBXFileReference; lastKnownFileType = file.storyboard; name = Base; path = Base.lproj/LaunchScreen.storyboard; sourceTree = "<group>"; };
		3524C4962326ACB8005CECEE /* Info.plist */ = {isa = PBXFileReference; lastKnownFileType = text.plist.xml; path = Info.plist; sourceTree = "<group>"; };
		35E68D4A2329264400D7E34C /* Model.xcdatamodel */ = {isa = PBXFileReference; lastKnownFileType = wrapper.xcdatamodel; path = Model.xcdatamodel; sourceTree = "<group>"; };
		35E68D4C232926CD00D7E34C /* PersistanceService.swift */ = {isa = PBXFileReference; lastKnownFileType = sourcecode.swift; path = PersistanceService.swift; sourceTree = "<group>"; };
		35E68D4E232941BD00D7E34C /* LocationService.swift */ = {isa = PBXFileReference; lastKnownFileType = sourcecode.swift; path = LocationService.swift; sourceTree = "<group>"; };
/* End PBXFileReference section */

/* Begin PBXFrameworksBuildPhase section */
		3524C4842326ACB6005CECEE /* Frameworks */ = {
			isa = PBXFrameworksBuildPhase;
			buildActionMask = 2147483647;
			files = (
				350EDB9E23279A420001F11B /* MapKit.framework in Frameworks */,
			);
			runOnlyForDeploymentPostprocessing = 0;
		};
/* End PBXFrameworksBuildPhase section */

/* Begin PBXGroup section */
		350EDB9C23279A420001F11B /* Frameworks */ = {
			isa = PBXGroup;
			children = (
				350EDB9D23279A420001F11B /* MapKit.framework */,
			);
			name = Frameworks;
			sourceTree = "<group>";
		};
		3524C47E2326ACB6005CECEE = {
			isa = PBXGroup;
			children = (
				3524C4892326ACB6005CECEE /* Locations */,
				3524C4882326ACB6005CECEE /* Products */,
				350EDB9C23279A420001F11B /* Frameworks */,
			);
			sourceTree = "<group>";
		};
		3524C4882326ACB6005CECEE /* Products */ = {
			isa = PBXGroup;
			children = (
				3524C4872326ACB6005CECEE /* Locations.app */,
			);
			name = Products;
			sourceTree = "<group>";
		};
		3524C4892326ACB6005CECEE /* Locations */ = {
			isa = PBXGroup;
			children = (
				3524C48A2326ACB6005CECEE /* AppDelegate.swift */,
				3524C48C2326ACB6005CECEE /* ViewController.swift */,
				35E68D4C232926CD00D7E34C /* PersistanceService.swift */,
				35E68D4E232941BD00D7E34C /* LocationService.swift */,
				3524C48E2326ACB6005CECEE /* Main.storyboard */,
				3524C4912326ACB8005CECEE /* Assets.xcassets */,
				3524C4932326ACB8005CECEE /* LaunchScreen.storyboard */,
				3524C4962326ACB8005CECEE /* Info.plist */,
				35E68D492329264400D7E34C /* Model.xcdatamodeld */,
			);
			path = Locations;
			sourceTree = "<group>";
		};
/* End PBXGroup section */

/* Begin PBXNativeTarget section */
		3524C4862326ACB6005CECEE /* Locations */ = {
			isa = PBXNativeTarget;
			buildConfigurationList = 3524C4992326ACB8005CECEE /* Build configuration list for PBXNativeTarget "Locations" */;
			buildPhases = (
				3524C4832326ACB6005CECEE /* Sources */,
				3524C4842326ACB6005CECEE /* Frameworks */,
				3524C4852326ACB6005CECEE /* Resources */,
			);
			buildRules = (
			);
			dependencies = (
			);
			name = Locations;
			productName = Locations;
			productReference = 3524C4872326ACB6005CECEE /* Locations.app */;
			productType = "com.apple.product-type.application";
		};
/* End PBXNativeTarget section */

/* Begin PBXProject section */
		3524C47F2326ACB6005CECEE /* Project object */ = {
			isa = PBXProject;
			attributes = {
				LastSwiftUpdateCheck = 1030;
				LastUpgradeCheck = 1030;
				ORGANIZATIONNAME = "Vladislav Shilov";
				TargetAttributes = {
					3524C4862326ACB6005CECEE = {
						CreatedOnToolsVersion = 10.3;
						SystemCapabilities = {
							com.apple.BackgroundModes = {
								enabled = 1;
							};
							com.apple.Maps.iOS = {
								enabled = 1;
							};
						};
					};
				};
			};
			buildConfigurationList = 3524C4822326ACB6005CECEE /* Build configuration list for PBXProject "Locations" */;
			compatibilityVersion = "Xcode 9.3";
			developmentRegion = en;
			hasScannedForEncodings = 0;
			knownRegions = (
				en,
				Base,
			);
			mainGroup = 3524C47E2326ACB6005CECEE;
			productRefGroup = 3524C4882326ACB6005CECEE /* Products */;
			projectDirPath = "";
			projectRoot = "";
			targets = (
				3524C4862326ACB6005CECEE /* Locations */,
			);
		};
/* End PBXProject section */

/* Begin PBXResourcesBuildPhase section */
		3524C4852326ACB6005CECEE /* Resources */ = {
			isa = PBXResourcesBuildPhase;
			buildActionMask = 2147483647;
			files = (
				3524C4952326ACB8005CECEE /* LaunchScreen.storyboard in Resources */,
				3524C4922326ACB8005CECEE /* Assets.xcassets in Resources */,
				3524C4902326ACB6005CECEE /* Main.storyboard in Resources */,
			);
			runOnlyForDeploymentPostprocessing = 0;
		};
/* End PBXResourcesBuildPhase section */

/* Begin PBXSourcesBuildPhase section */
		3524C4832326ACB6005CECEE /* Sources */ = {
			isa = PBXSourcesBuildPhase;
			buildActionMask = 2147483647;
			files = (
				3524C48D2326ACB6005CECEE /* ViewController.swift in Sources */,
				35E68D4D232926CD00D7E34C /* PersistanceService.swift in Sources */,
				35E68D4F232941BD00D7E34C /* LocationService.swift in Sources */,
				3524C48B2326ACB6005CECEE /* AppDelegate.swift in Sources */,
				35E68D4B2329264400D7E34C /* Model.xcdatamodeld in Sources */,
			);
			runOnlyForDeploymentPostprocessing = 0;
		};
/* End PBXSourcesBuildPhase section */

/* Begin PBXVariantGroup section */
		3524C48E2326ACB6005CECEE /* Main.storyboard */ = {
			isa = PBXVariantGroup;
			children = (
				3524C48F2326ACB6005CECEE /* Base */,
			);
			name = Main.storyboard;
			sourceTree = "<group>";
		};
		3524C4932326ACB8005CECEE /* LaunchScreen.storyboard */ = {
			isa = PBXVariantGroup;
			children = (
				3524C4942326ACB8005CECEE /* Base */,
			);
			name = LaunchScreen.storyboard;
			sourceTree = "<group>";
		};
/* End PBXVariantGroup section */

/* Begin XCBuildConfiguration section */
		3524C4972326ACB8005CECEE /* Debug */ = {
			isa = XCBuildConfiguration;
			buildSettings = {
				ALWAYS_SEARCH_USER_PATHS = NO;
				CLANG_ANALYZER_NONNULL = YES;
				CLANG_ANALYZER_NUMBER_OBJECT_CONVERSION = YES_AGGRESSIVE;
				CLANG_CXX_LANGUAGE_STANDARD = "gnu++14";
				CLANG_CXX_LIBRARY = "libc++";
				CLANG_ENABLE_MODULES = YES;
				CLANG_ENABLE_OBJC_ARC = YES;
				CLANG_ENABLE_OBJC_WEAK = YES;
				CLANG_WARN_BLOCK_CAPTURE_AUTORELEASING = YES;
				CLANG_WARN_BOOL_CONVERSION = YES;
				CLANG_WARN_COMMA = YES;
				CLANG_WARN_CONSTANT_CONVERSION = YES;
				CLANG_WARN_DEPRECATED_OBJC_IMPLEMENTATIONS = YES;
				CLANG_WARN_DIRECT_OBJC_ISA_USAGE = YES_ERROR;
				CLANG_WARN_DOCUMENTATION_COMMENTS = YES;
				CLANG_WARN_EMPTY_BODY = YES;
				CLANG_WARN_ENUM_CONVERSION = YES;
				CLANG_WARN_INFINITE_RECURSION = YES;
				CLANG_WARN_INT_CONVERSION = YES;
				CLANG_WARN_NON_LITERAL_NULL_CONVERSION = YES;
				CLANG_WARN_OBJC_IMPLICIT_RETAIN_SELF = YES;
				CLANG_WARN_OBJC_LITERAL_CONVERSION = YES;
				CLANG_WARN_OBJC_ROOT_CLASS = YES_ERROR;
				CLANG_WARN_RANGE_LOOP_ANALYSIS = YES;
				CLANG_WARN_STRICT_PROTOTYPES = YES;
				CLANG_WARN_SUSPICIOUS_MOVE = YES;
				CLANG_WARN_UNGUARDED_AVAILABILITY = YES_AGGRESSIVE;
				CLANG_WARN_UNREACHABLE_CODE = YES;
				CLANG_WARN__DUPLICATE_METHOD_MATCH = YES;
				CODE_SIGN_IDENTITY = "iPhone Developer";
				COPY_PHASE_STRIP = NO;
				DEBUG_INFORMATION_FORMAT = dwarf;
				ENABLE_STRICT_OBJC_MSGSEND = YES;
				ENABLE_TESTABILITY = YES;
				GCC_C_LANGUAGE_STANDARD = gnu11;
				GCC_DYNAMIC_NO_PIC = NO;
				GCC_NO_COMMON_BLOCKS = YES;
				GCC_OPTIMIZATION_LEVEL = 0;
				GCC_PREPROCESSOR_DEFINITIONS = (
					"DEBUG=1",
					"$(inherited)",
				);
				GCC_WARN_64_TO_32_BIT_CONVERSION = YES;
				GCC_WARN_ABOUT_RETURN_TYPE = YES_ERROR;
				GCC_WARN_UNDECLARED_SELECTOR = YES;
				GCC_WARN_UNINITIALIZED_AUTOS = YES_AGGRESSIVE;
				GCC_WARN_UNUSED_FUNCTION = YES;
				GCC_WARN_UNUSED_VARIABLE = YES;
				IPHONEOS_DEPLOYMENT_TARGET = 12.4;
				MTL_ENABLE_DEBUG_INFO = INCLUDE_SOURCE;
				MTL_FAST_MATH = YES;
				ONLY_ACTIVE_ARCH = YES;
				SDKROOT = iphoneos;
				SWIFT_ACTIVE_COMPILATION_CONDITIONS = DEBUG;
				SWIFT_OPTIMIZATION_LEVEL = "-Onone";
			};
			name = Debug;
		};
		3524C4982326ACB8005CECEE /* Release */ = {
			isa = XCBuildConfiguration;
			buildSettings = {
				ALWAYS_SEARCH_USER_PATHS = NO;
				CLANG_ANALYZER_NONNULL = YES;
				CLANG_ANALYZER_NUMBER_OBJECT_CONVERSION = YES_AGGRESSIVE;
				CLANG_CXX_LANGUAGE_STANDARD = "gnu++14";
				CLANG_CXX_LIBRARY = "libc++";
				CLANG_ENABLE_MODULES = YES;
				CLANG_ENABLE_OBJC_ARC = YES;
				CLANG_ENABLE_OBJC_WEAK = YES;
				CLANG_WARN_BLOCK_CAPTURE_AUTORELEASING = YES;
				CLANG_WARN_BOOL_CONVERSION = YES;
				CLANG_WARN_COMMA = YES;
				CLANG_WARN_CONSTANT_CONVERSION = YES;
				CLANG_WARN_DEPRECATED_OBJC_IMPLEMENTATIONS = YES;
				CLANG_WARN_DIRECT_OBJC_ISA_USAGE = YES_ERROR;
				CLANG_WARN_DOCUMENTATION_COMMENTS = YES;
				CLANG_WARN_EMPTY_BODY = YES;
				CLANG_WARN_ENUM_CONVERSION = YES;
				CLANG_WARN_INFINITE_RECURSION = YES;
				CLANG_WARN_INT_CONVERSION = YES;
				CLANG_WARN_NON_LITERAL_NULL_CONVERSION = YES;
				CLANG_WARN_OBJC_IMPLICIT_RETAIN_SELF = YES;
				CLANG_WARN_OBJC_LITERAL_CONVERSION = YES;
				CLANG_WARN_OBJC_ROOT_CLASS = YES_ERROR;
				CLANG_WARN_RANGE_LOOP_ANALYSIS = YES;
				CLANG_WARN_STRICT_PROTOTYPES = YES;
				CLANG_WARN_SUSPICIOUS_MOVE = YES;
				CLANG_WARN_UNGUARDED_AVAILABILITY = YES_AGGRESSIVE;
				CLANG_WARN_UNREACHABLE_CODE = YES;
				CLANG_WARN__DUPLICATE_METHOD_MATCH = YES;
				CODE_SIGN_IDENTITY = "iPhone Developer";
				COPY_PHASE_STRIP = NO;
				DEBUG_INFORMATION_FORMAT = "dwarf-with-dsym";
				ENABLE_NS_ASSERTIONS = NO;
				ENABLE_STRICT_OBJC_MSGSEND = YES;
				GCC_C_LANGUAGE_STANDARD = gnu11;
				GCC_NO_COMMON_BLOCKS = YES;
				GCC_WARN_64_TO_32_BIT_CONVERSION = YES;
				GCC_WARN_ABOUT_RETURN_TYPE = YES_ERROR;
				GCC_WARN_UNDECLARED_SELECTOR = YES;
				GCC_WARN_UNINITIALIZED_AUTOS = YES_AGGRESSIVE;
				GCC_WARN_UNUSED_FUNCTION = YES;
				GCC_WARN_UNUSED_VARIABLE = YES;
				IPHONEOS_DEPLOYMENT_TARGET = 12.4;
				MTL_ENABLE_DEBUG_INFO = NO;
				MTL_FAST_MATH = YES;
				SDKROOT = iphoneos;
				SWIFT_COMPILATION_MODE = wholemodule;
				SWIFT_OPTIMIZATION_LEVEL = "-O";
				VALIDATE_PRODUCT = YES;
			};
			name = Release;
		};
		3524C49A2326ACB8005CECEE /* Debug */ = {
			isa = XCBuildConfiguration;
			buildSettings = {
				ASSETCATALOG_COMPILER_APPICON_NAME = AppIcon;
				CODE_SIGN_STYLE = Automatic;
				DEVELOPMENT_TEAM = ZZU2FDU5KQ;
				INFOPLIST_FILE = Locations/Info.plist;
				LD_RUNPATH_SEARCH_PATHS = (
					"$(inherited)",
					"@executable_path/Frameworks",
				);
				PRODUCT_BUNDLE_IDENTIFIER = vladislav.shilov.Locations;
				PRODUCT_NAME = "$(TARGET_NAME)";
				SWIFT_VERSION = 5.0;
				TARGETED_DEVICE_FAMILY = "1,2";
			};
			name = Debug;
		};
		3524C49B2326ACB8005CECEE /* Release */ = {
			isa = XCBuildConfiguration;
			buildSettings = {
				ASSETCATALOG_COMPILER_APPICON_NAME = AppIcon;
				CODE_SIGN_STYLE = Automatic;
				DEVELOPMENT_TEAM = ZZU2FDU5KQ;
				INFOPLIST_FILE = Locations/Info.plist;
				LD_RUNPATH_SEARCH_PATHS = (
					"$(inherited)",
					"@executable_path/Frameworks",
				);
				PRODUCT_BUNDLE_IDENTIFIER = vladislav.shilov.Locations;
				PRODUCT_NAME = "$(TARGET_NAME)";
				SWIFT_VERSION = 5.0;
				TARGETED_DEVICE_FAMILY = "1,2";
			};
			name = Release;
		};
/* End XCBuildConfiguration section */

/* Begin XCConfigurationList section */
		3524C4822326ACB6005CECEE /* Build configuration list for PBXProject "Locations" */ = {
			isa = XCConfigurationList;
			buildConfigurations = (
				3524C4972326ACB8005CECEE /* Debug */,
				3524C4982326ACB8005CECEE /* Release */,
			);
			defaultConfigurationIsVisible = 0;
			defaultConfigurationName = Release;
		};
		3524C4992326ACB8005CECEE /* Build configuration list for PBXNativeTarget "Locations" */ = {
			isa = XCConfigurationList;
			buildConfigurations = (
				3524C49A2326ACB8005CECEE /* Debug */,
				3524C49B2326ACB8005CECEE /* Release */,
			);
			defaultConfigurationIsVisible = 0;
			defaultConfigurationName = Release;
		};
/* End XCConfigurationList section */

/* Begin XCVersionGroup section */
		35E68D492329264400D7E34C /* Model.xcdatamodeld */ = {
			isa = XCVersionGroup;
			children = (
				35E68D4A2329264400D7E34C /* Model.xcdatamodel */,
			);
			currentVersion = 35E68D4A2329264400D7E34C /* Model.xcdatamodel */;
			path = Model.xcdatamodeld;
			sourceTree = "<group>";
			versionGroupType = wrapper.xcdatamodel;
		};
/* End XCVersionGroup section */
	};
	rootObject = 3524C47F2326ACB6005CECEE /* Project object */;
}
